
Microsoft Visual Studio Solution File, Format Version 12.00
# Visual Studio Version 17
VisualStudioVersion = 17.5.33516.290
MinimumVisualStudioVersion = 10.0.40219.1
Project("{9A19103F-16F7-4668-BE54-9A1E7A4F7556}") = "MBA.site", "MBA.site\MBA.site.csproj", "{20669D13-C3C9-4558-ABB2-1C900B4276B1}"
EndProject
Project("{9A19103F-16F7-4668-BE54-9A1E7A4F7556}") = "Core", "Core\Core.csproj", "{890795B8-8487-4837-B35D-073E0D1E2707}"
EndProject
Project("{9A19103F-16F7-4668-BE54-9A1E7A4F7556}") = "Infrastructure", "Infrastructure\Infrastructure.csproj", "{183668B8-E458-4540-955F-B0D879F9D494}"
EndProject
Global
	GlobalSection(SolutionConfigurationPlatforms) = preSolution
		Debug|Any CPU = Debug|Any CPU
		Release|Any CPU = Release|Any CPU
	EndGlobalSection
	GlobalSection(ProjectConfigurationPlatforms) = postSolution
		{20669D13-C3C9-4558-ABB2-1C900B4276B1}.Debug|Any CPU.ActiveCfg = Debug|Any CPU
		{20669D13-C3C9-4558-ABB2-1C900B4276B1}.Debug|Any CPU.Build.0 = Debug|Any CPU
		{20669D13-C3C9-4558-ABB2-1C900B4276B1}.Release|Any CPU.ActiveCfg = Release|Any CPU
		{20669D13-C3C9-4558-ABB2-1C900B4276B1}.Release|Any CPU.Build.0 = Release|Any CPU
		{890795B8-8487-4837-B35D-073E0D1E2707}.Debug|Any CPU.ActiveCfg = Debug|Any CPU
		{890795B8-8487-4837-B35D-073E0D1E2707}.Debug|Any CPU.Build.0 = Debug|Any CPU
		{890795B8-8487-4837-B35D-073E0D1E2707}.Release|Any CPU.ActiveCfg = Release|Any CPU
		{890795B8-8487-4837-B35D-073E0D1E2707}.Release|Any CPU.Build.0 = Release|Any CPU
		{183668B8-E458-4540-955F-B0D879F9D494}.Debug|Any CPU.ActiveCfg = Debug|Any CPU
		{183668B8-E458-4540-955F-B0D879F9D494}.Debug|Any CPU.Build.0 = Debug|Any CPU
		{183668B8-E458-4540-955F-B0D879F9D494}.Release|Any CPU.ActiveCfg = Release|Any CPU
		{183668B8-E458-4540-955F-B0D879F9D494}.Release|Any CPU.Build.0 = Release|Any CPU
	EndGlobalSection
	GlobalSection(SolutionProperties) = preSolution
		HideSolutionNode = FALSE
	EndGlobalSection
	GlobalSection(ExtensibilityGlobals) = postSolution
		SolutionGuid = {63EFD0B6-BAB7-47E2-A95E-EE2EC8A3D266}
	EndGlobalSection
EndGlobal
